
Microsoft Visual Studio Solution File, Format Version 12.00
# Visual Studio Version 16
VisualStudioVersion = 16.0.31129.286
MinimumVisualStudioVersion = 10.0.40219.1
Project("{FAE04EC0-301F-11D3-BF4B-00C04F79EFBC}") = "Encryption App Windows form", "Encryption App Windows form\Encryption App Windows form.csproj", "{30B52CDA-F269-46C8-B830-BA20615536BC}"
EndProject
Global
	GlobalSection(SolutionConfigurationPlatforms) = preSolution
		Debug|Any CPU = Debug|Any CPU
		Release|Any CPU = Release|Any CPU
	EndGlobalSection
	GlobalSection(ProjectConfigurationPlatforms) = postSolution
		{30B52CDA-F269-46C8-B830-BA20615536BC}.Debug|Any CPU.ActiveCfg = Debug|Any CPU
		{30B52CDA-F269-46C8-B830-BA20615536BC}.Debug|Any CPU.Build.0 = Debug|Any CPU
		{30B52CDA-F269-46C8-B830-BA20615536BC}.Release|Any CPU.ActiveCfg = Release|Any CPU
		{30B52CDA-F269-46C8-B830-BA20615536BC}.Release|Any CPU.Build.0 = Release|Any CPU
	EndGlobalSection
	GlobalSection(SolutionProperties) = preSolution
		HideSolutionNode = FALSE
	EndGlobalSection
	GlobalSection(ExtensibilityGlobals) = postSolution
		SolutionGuid = {F672D478-0079-4933-A078-3BF597AAA8C1}
	EndGlobalSection
EndGlobal
